
Microsoft Visual Studio Solution File, Format Version 12.00
# Visual Studio 15
VisualStudioVersion = 15.0.26228.12
MinimumVisualStudioVersion = 10.0.40219.1
Project("{FAE04EC0-301F-11D3-BF4B-00C04F79EFBC}") = "Wikiled.MachineLearning.Svm", "Wikiled.MachineLearning.Svm\Wikiled.MachineLearning.Svm.csproj", "{BD419F51-672A-4BBF-A4EF-DE48D6D10D97}"
EndProject
Project("{FAE04EC0-301F-11D3-BF4B-00C04F79EFBC}") = "Wikiled.Sentiment.MachineLearning.Tests", "Wikiled.MachineLearning.Svm.Tests\Wikiled.Sentiment.MachineLearning.Tests.csproj", "{174B0004-6605-49A7-A5C3-EEE33F803CC6}"
EndProject
Global
	GlobalSection(SolutionConfigurationPlatforms) = preSolution
		Debug|Any CPU = Debug|Any CPU
		Debug|x64 = Debug|x64
		Debug|x86 = Debug|x86
		Release|Any CPU = Release|Any CPU
		Release|x64 = Release|x64
		Release|x86 = Release|x86
	EndGlobalSection
	GlobalSection(ProjectConfigurationPlatforms) = postSolution
		{BD419F51-672A-4BBF-A4EF-DE48D6D10D97}.Debug|Any CPU.ActiveCfg = Debug|Any CPU
		{BD419F51-672A-4BBF-A4EF-DE48D6D10D97}.Debug|Any CPU.Build.0 = Debug|Any CPU
		{BD419F51-672A-4BBF-A4EF-DE48D6D10D97}.Debug|x64.ActiveCfg = Debug|x64
		{BD419F51-672A-4BBF-A4EF-DE48D6D10D97}.Debug|x64.Build.0 = Debug|x64
		{BD419F51-672A-4BBF-A4EF-DE48D6D10D97}.Debug|x86.ActiveCfg = Debug|x86
		{BD419F51-672A-4BBF-A4EF-DE48D6D10D97}.Debug|x86.Build.0 = Debug|x86
		{BD419F51-672A-4BBF-A4EF-DE48D6D10D97}.Release|Any CPU.ActiveCfg = Release|Any CPU
		{BD419F51-672A-4BBF-A4EF-DE48D6D10D97}.Release|Any CPU.Build.0 = Release|Any CPU
		{BD419F51-672A-4BBF-A4EF-DE48D6D10D97}.Release|x64.ActiveCfg = Release|x64
		{BD419F51-672A-4BBF-A4EF-DE48D6D10D97}.Release|x64.Build.0 = Release|x64
		{BD419F51-672A-4BBF-A4EF-DE48D6D10D97}.Release|x86.ActiveCfg = Release|x86
		{BD419F51-672A-4BBF-A4EF-DE48D6D10D97}.Release|x86.Build.0 = Release|x86
		{174B0004-6605-49A7-A5C3-EEE33F803CC6}.Debug|Any CPU.ActiveCfg = Debug|Any CPU
		{174B0004-6605-49A7-A5C3-EEE33F803CC6}.Debug|Any CPU.Build.0 = Debug|Any CPU
		{174B0004-6605-49A7-A5C3-EEE33F803CC6}.Debug|x64.ActiveCfg = Debug|x64
		{174B0004-6605-49A7-A5C3-EEE33F803CC6}.Debug|x64.Build.0 = Debug|x64
		{174B0004-6605-49A7-A5C3-EEE33F803CC6}.Debug|x86.ActiveCfg = Debug|x86
		{174B0004-6605-49A7-A5C3-EEE33F803CC6}.Debug|x86.Build.0 = Debug|x86
		{174B0004-6605-49A7-A5C3-EEE33F803CC6}.Release|Any CPU.ActiveCfg = Release|Any CPU
		{174B0004-6605-49A7-A5C3-EEE33F803CC6}.Release|Any CPU.Build.0 = Release|Any CPU
		{174B0004-6605-49A7-A5C3-EEE33F803CC6}.Release|x64.ActiveCfg = Release|x64
		{174B0004-6605-49A7-A5C3-EEE33F803CC6}.Release|x64.Build.0 = Release|x64
		{174B0004-6605-49A7-A5C3-EEE33F803CC6}.Release|x86.ActiveCfg = Release|x86
		{174B0004-6605-49A7-A5C3-EEE33F803CC6}.Release|x86.Build.0 = Release|x86
	EndGlobalSection
	GlobalSection(SolutionProperties) = preSolution
		HideSolutionNode = FALSE
	EndGlobalSection
	GlobalSection(ExtensibilityGlobals) = postSolution
		EnterpriseLibraryConfigurationToolBinariesPathV6 = packages\EnterpriseLibrary.TransientFaultHandling.6.0.1304.0\lib\portable-net45+win+wp8
		EnterpriseLibraryConfigurationToolBinariesPath = packages\Unity.2.1.505.0\lib\NET35;packages\Unity.Interception.2.1.505.0\lib\NET35;packages\EnterpriseLibrary.Common.5.0.505.0\lib\NET35;packages\EnterpriseLibrary.Data.5.0.505.0\lib\NET35;packages\Unity.Interception.2.1.505.2\lib\NET35;packages\Unity.2.1.505.2\lib\NET35;packages\TransientFaultHandling.Core.5.1.1209.1\lib\NET4
	EndGlobalSection
EndGlobal
